// !$*UTF8*$!
{
	archiveVersion = 1;
	classes = {
	};
	objectVersion = 50;
	objects = {

/* Begin PBXBuildFile section */
		6239FD1626A7519200AC6489 /* TimexApp.swift in Sources */ = {isa = PBXBuildFile; fileRef = 6239FD1526A7519200AC6489 /* TimexApp.swift */; };
		6239FD1826A7519200AC6489 /* ContentView.swift in Sources */ = {isa = PBXBuildFile; fileRef = 6239FD1726A7519200AC6489 /* ContentView.swift */; };
		6239FD1A26A7519300AC6489 /* Assets.xcassets in Resources */ = {isa = PBXBuildFile; fileRef = 6239FD1926A7519300AC6489 /* Assets.xcassets */; };
		6239FD1D26A7519300AC6489 /* Preview Assets.xcassets in Resources */ = {isa = PBXBuildFile; fileRef = 6239FD1C26A7519300AC6489 /* Preview Assets.xcassets */; };
		6239FD4226A7525100AC6489 /* NSWKWebView.swift in Sources */ = {isa = PBXBuildFile; fileRef = 6239FD4126A7525100AC6489 /* NSWKWebView.swift */; };
		624739C126D3E74200261234 /* AppDelegate.swift in Sources */ = {isa = PBXBuildFile; fileRef = 624739C026D3E74200261234 /* AppDelegate.swift */; };
/* End PBXBuildFile section */

/* Begin PBXFileReference section */
		6239FD1226A7519100AC6489 /* WWT Timex.app */ = {isa = PBXFileReference; explicitFileType = wrapper.application; includeInIndex = 0; path = "WWT Timex.app"; sourceTree = BUILT_PRODUCTS_DIR; };
		6239FD1526A7519200AC6489 /* TimexApp.swift */ = {isa = PBXFileReference; lastKnownFileType = sourcecode.swift; path = TimexApp.swift; sourceTree = "<group>"; };
		6239FD1726A7519200AC6489 /* ContentView.swift */ = {isa = PBXFileReference; lastKnownFileType = sourcecode.swift; path = ContentView.swift; sourceTree = "<group>"; };
		6239FD1926A7519300AC6489 /* Assets.xcassets */ = {isa = PBXFileReference; lastKnownFileType = folder.assetcatalog; path = Assets.xcassets; sourceTree = "<group>"; };
		6239FD1C26A7519300AC6489 /* Preview Assets.xcassets */ = {isa = PBXFileReference; lastKnownFileType = folder.assetcatalog; path = "Preview Assets.xcassets"; sourceTree = "<group>"; };
		6239FD1E26A7519300AC6489 /* Info.plist */ = {isa = PBXFileReference; lastKnownFileType = text.plist.xml; path = Info.plist; sourceTree = "<group>"; };
		6239FD1F26A7519300AC6489 /* Timex.entitlements */ = {isa = PBXFileReference; lastKnownFileType = text.plist.entitlements; path = Timex.entitlements; sourceTree = "<group>"; };
		6239FD4126A7525100AC6489 /* NSWKWebView.swift */ = {isa = PBXFileReference; lastKnownFileType = sourcecode.swift; path = NSWKWebView.swift; sourceTree = "<group>"; };
		624739C026D3E74200261234 /* AppDelegate.swift */ = {isa = PBXFileReference; lastKnownFileType = sourcecode.swift; path = AppDelegate.swift; sourceTree = "<group>"; };
/* End PBXFileReference section */

/* Begin PBXFrameworksBuildPhase section */
		6239FD0F26A7519100AC6489 /* Frameworks */ = {
			isa = PBXFrameworksBuildPhase;
			buildActionMask = 2147483647;
			files = (
			);
			runOnlyForDeploymentPostprocessing = 0;
		};
/* End PBXFrameworksBuildPhase section */

/* Begin PBXGroup section */
		6239FD0926A7519100AC6489 = {
			isa = PBXGroup;
			children = (
				6239FD1426A7519100AC6489 /* Timex */,
				6239FD1326A7519100AC6489 /* Products */,
			);
			sourceTree = "<group>";
		};
		6239FD1326A7519100AC6489 /* Products */ = {
			isa = PBXGroup;
			children = (
				6239FD1226A7519100AC6489 /* WWT Timex.app */,
			);
			name = Products;
			sourceTree = "<group>";
		};
		6239FD1426A7519100AC6489 /* Timex */ = {
			isa = PBXGroup;
			children = (
				6239FD1526A7519200AC6489 /* TimexApp.swift */,
				624739C026D3E74200261234 /* AppDelegate.swift */,
				6239FD1726A7519200AC6489 /* ContentView.swift */,
				6239FD4126A7525100AC6489 /* NSWKWebView.swift */,
				6239FD1926A7519300AC6489 /* Assets.xcassets */,
				6239FD1E26A7519300AC6489 /* Info.plist */,
				6239FD1F26A7519300AC6489 /* Timex.entitlements */,
				6239FD1B26A7519300AC6489 /* Preview Content */,
			);
			path = Timex;
			sourceTree = "<group>";
		};
		6239FD1B26A7519300AC6489 /* Preview Content */ = {
			isa = PBXGroup;
			children = (
				6239FD1C26A7519300AC6489 /* Preview Assets.xcassets */,
			);
			path = "Preview Content";
			sourceTree = "<group>";
		};
/* End PBXGroup section */

/* Begin PBXNativeTarget section */
		6239FD1126A7519100AC6489 /* WWT Timex */ = {
			isa = PBXNativeTarget;
			buildConfigurationList = 6239FD3826A7519400AC6489 /* Build configuration list for PBXNativeTarget "WWT Timex" */;
			buildPhases = (
				6239FD0E26A7519100AC6489 /* Sources */,
				6239FD0F26A7519100AC6489 /* Frameworks */,
				6239FD1026A7519100AC6489 /* Resources */,
			);
			buildRules = (
			);
			dependencies = (
			);
			name = "WWT Timex";
			productName = Timex;
			productReference = 6239FD1226A7519100AC6489 /* WWT Timex.app */;
			productType = "com.apple.product-type.application";
		};
/* End PBXNativeTarget section */

/* Begin PBXProject section */
		6239FD0A26A7519100AC6489 /* Project object */ = {
			isa = PBXProject;
			attributes = {
				LastSwiftUpdateCheck = 1250;
				LastUpgradeCheck = 1400;
				TargetAttributes = {
					6239FD1126A7519100AC6489 = {
						CreatedOnToolsVersion = 12.5.1;
					};
				};
			};
			buildConfigurationList = 6239FD0D26A7519100AC6489 /* Build configuration list for PBXProject "WWT Timex" */;
			compatibilityVersion = "Xcode 9.3";
			developmentRegion = en;
			hasScannedForEncodings = 0;
			knownRegions = (
				en,
				Base,
			);
			mainGroup = 6239FD0926A7519100AC6489;
			productRefGroup = 6239FD1326A7519100AC6489 /* Products */;
			projectDirPath = "";
			projectRoot = "";
			targets = (
				6239FD1126A7519100AC6489 /* WWT Timex */,
			);
		};
/* End PBXProject section */

/* Begin PBXResourcesBuildPhase section */
		6239FD1026A7519100AC6489 /* Resources */ = {
			isa = PBXResourcesBuildPhase;
			buildActionMask = 2147483647;
			files = (
				6239FD1D26A7519300AC6489 /* Preview Assets.xcassets in Resources */,
				6239FD1A26A7519300AC6489 /* Assets.xcassets in Resources */,
			);
			runOnlyForDeploymentPostprocessing = 0;
		};
/* End PBXResourcesBuildPhase section */

/* Begin PBXSourcesBuildPhase section */
		6239FD0E26A7519100AC6489 /* Sources */ = {
			isa = PBXSourcesBuildPhase;
			buildActionMask = 2147483647;
			files = (
				624739C126D3E74200261234 /* AppDelegate.swift in Sources */,
				6239FD1826A7519200AC6489 /* ContentView.swift in Sources */,
				6239FD4226A7525100AC6489 /* NSWKWebView.swift in Sources */,
				6239FD1626A7519200AC6489 /* TimexApp.swift in Sources */,
			);
			runOnlyForDeploymentPostprocessing = 0;
		};
/* End PBXSourcesBuildPhase section */

/* Begin XCBuildConfiguration section */
		6239FD3626A7519400AC6489 /* Debug */ = {
			isa = XCBuildConfiguration;
			buildSettings = {
				ALWAYS_SEARCH_USER_PATHS = NO;
				CLANG_ANALYZER_NONNULL = YES;
				CLANG_ANALYZER_NUMBER_OBJECT_CONVERSION = YES_AGGRESSIVE;
				CLANG_CXX_LANGUAGE_STANDARD = "gnu++14";
				CLANG_CXX_LIBRARY = "libc++";
				CLANG_ENABLE_MODULES = YES;
				CLANG_ENABLE_OBJC_ARC = YES;
				CLANG_ENABLE_OBJC_WEAK = YES;
				CLANG_WARN_BLOCK_CAPTURE_AUTORELEASING = YES;
				CLANG_WARN_BOOL_CONVERSION = YES;
				CLANG_WARN_COMMA = YES;
				CLANG_WARN_CONSTANT_CONVERSION = YES;
				CLANG_WARN_DEPRECATED_OBJC_IMPLEMENTATIONS = YES;
				CLANG_WARN_DIRECT_OBJC_ISA_USAGE = YES_ERROR;
				CLANG_WARN_DOCUMENTATION_COMMENTS = YES;
				CLANG_WARN_EMPTY_BODY = YES;
				CLANG_WARN_ENUM_CONVERSION = YES;
				CLANG_WARN_INFINITE_RECURSION = YES;
				CLANG_WARN_INT_CONVERSION = YES;
				CLANG_WARN_NON_LITERAL_NULL_CONVERSION = YES;
				CLANG_WARN_OBJC_IMPLICIT_RETAIN_SELF = YES;
				CLANG_WARN_OBJC_LITERAL_CONVERSION = YES;
				CLANG_WARN_OBJC_ROOT_CLASS = YES_ERROR;
				CLANG_WARN_QUOTED_INCLUDE_IN_FRAMEWORK_HEADER = YES;
				CLANG_WARN_RANGE_LOOP_ANALYSIS = YES;
				CLANG_WARN_STRICT_PROTOTYPES = YES;
				CLANG_WARN_SUSPICIOUS_MOVE = YES;
				CLANG_WARN_UNGUARDED_AVAILABILITY = YES_AGGRESSIVE;
				CLANG_WARN_UNREACHABLE_CODE = YES;
				CLANG_WARN__DUPLICATE_METHOD_MATCH = YES;
				COPY_PHASE_STRIP = NO;
				DEAD_CODE_STRIPPING = YES;
				DEBUG_INFORMATION_FORMAT = dwarf;
				ENABLE_STRICT_OBJC_MSGSEND = YES;
				ENABLE_TESTABILITY = YES;
				GCC_C_LANGUAGE_STANDARD = gnu11;
				GCC_DYNAMIC_NO_PIC = NO;
				GCC_NO_COMMON_BLOCKS = YES;
				GCC_OPTIMIZATION_LEVEL = 0;
				GCC_PREPROCESSOR_DEFINITIONS = (
					"DEBUG=1",
					"$(inherited)",
				);
				GCC_WARN_64_TO_32_BIT_CONVERSION = YES;
				GCC_WARN_ABOUT_RETURN_TYPE = YES_ERROR;
				GCC_WARN_UNDECLARED_SELECTOR = YES;
				GCC_WARN_UNINITIALIZED_AUTOS = YES_AGGRESSIVE;
				GCC_WARN_UNUSED_FUNCTION = YES;
				GCC_WARN_UNUSED_VARIABLE = YES;
				MACOSX_DEPLOYMENT_TARGET = 11.3;
				MTL_ENABLE_DEBUG_INFO = INCLUDE_SOURCE;
				MTL_FAST_MATH = YES;
				ONLY_ACTIVE_ARCH = YES;
				SDKROOT = macosx;
				SWIFT_ACTIVE_COMPILATION_CONDITIONS = DEBUG;
				SWIFT_OPTIMIZATION_LEVEL = "-Onone";
			};
			name = Debug;
		};
		6239FD3726A7519400AC6489 /* Release */ = {
			isa = XCBuildConfiguration;
			buildSettings = {
				ALWAYS_SEARCH_USER_PATHS = NO;
				CLANG_ANALYZER_NONNULL = YES;
				CLANG_ANALYZER_NUMBER_OBJECT_CONVERSION = YES_AGGRESSIVE;
				CLANG_CXX_LANGUAGE_STANDARD = "gnu++14";
				CLANG_CXX_LIBRARY = "libc++";
				CLANG_ENABLE_MODULES = YES;
				CLANG_ENABLE_OBJC_ARC = YES;
				CLANG_ENABLE_OBJC_WEAK = YES;
				CLANG_WARN_BLOCK_CAPTURE_AUTORELEASING = YES;
				CLANG_WARN_BOOL_CONVERSION = YES;
				CLANG_WARN_COMMA = YES;
				CLANG_WARN_CONSTANT_CONVERSION = YES;
				CLANG_WARN_DEPRECATED_OBJC_IMPLEMENTATIONS = YES;
				CLANG_WARN_DIRECT_OBJC_ISA_USAGE = YES_ERROR;
				CLANG_WARN_DOCUMENTATION_COMMENTS = YES;
				CLANG_WARN_EMPTY_BODY = YES;
				CLANG_WARN_ENUM_CONVERSION = YES;
				CLANG_WARN_INFINITE_RECURSION = YES;
				CLANG_WARN_INT_CONVERSION = YES;
				CLANG_WARN_NON_LITERAL_NULL_CONVERSION = YES;
				CLANG_WARN_OBJC_IMPLICIT_RETAIN_SELF = YES;
				CLANG_WARN_OBJC_LITERAL_CONVERSION = YES;
				CLANG_WARN_OBJC_ROOT_CLASS = YES_ERROR;
				CLANG_WARN_QUOTED_INCLUDE_IN_FRAMEWORK_HEADER = YES;
				CLANG_WARN_RANGE_LOOP_ANALYSIS = YES;
				CLANG_WARN_STRICT_PROTOTYPES = YES;
				CLANG_WARN_SUSPICIOUS_MOVE = YES;
				CLANG_WARN_UNGUARDED_AVAILABILITY = YES_AGGRESSIVE;
				CLANG_WARN_UNREACHABLE_CODE = YES;
				CLANG_WARN__DUPLICATE_METHOD_MATCH = YES;
				COPY_PHASE_STRIP = NO;
				DEAD_CODE_STRIPPING = YES;
				DEBUG_INFORMATION_FORMAT = "dwarf-with-dsym";
				ENABLE_NS_ASSERTIONS = NO;
				ENABLE_STRICT_OBJC_MSGSEND = YES;
				GCC_C_LANGUAGE_STANDARD = gnu11;
				GCC_NO_COMMON_BLOCKS = YES;
				GCC_WARN_64_TO_32_BIT_CONVERSION = YES;
				GCC_WARN_ABOUT_RETURN_TYPE = YES_ERROR;
				GCC_WARN_UNDECLARED_SELECTOR = YES;
				GCC_WARN_UNINITIALIZED_AUTOS = YES_AGGRESSIVE;
				GCC_WARN_UNUSED_FUNCTION = YES;
				GCC_WARN_UNUSED_VARIABLE = YES;
				MACOSX_DEPLOYMENT_TARGET = 11.3;
				MTL_ENABLE_DEBUG_INFO = NO;
				MTL_FAST_MATH = YES;
				SDKROOT = macosx;
				SWIFT_COMPILATION_MODE = wholemodule;
				SWIFT_OPTIMIZATION_LEVEL = "-O";
			};
			name = Release;
		};
		6239FD3926A7519400AC6489 /* Debug */ = {
			isa = XCBuildConfiguration;
			buildSettings = {
				ASSETCATALOG_COMPILER_APPICON_NAME = AppIcon;
				ASSETCATALOG_COMPILER_GLOBAL_ACCENT_COLOR_NAME = AccentColor;
				CODE_SIGN_ENTITLEMENTS = Timex/Timex.entitlements;
				CODE_SIGN_IDENTITY = "Apple Development";
				CODE_SIGN_STYLE = Automatic;
				COMBINE_HIDPI_IMAGES = YES;
				CURRENT_PROJECT_VERSION = 2;
				DEAD_CODE_STRIPPING = YES;
				DEVELOPMENT_ASSET_PATHS = "\"Timex/Preview Content\"";
				DEVELOPMENT_TEAM = 464Z6PYPYS;
				ENABLE_HARDENED_RUNTIME = YES;
				ENABLE_PREVIEWS = YES;
				INFOPLIST_FILE = Timex/Info.plist;
				LD_RUNPATH_SEARCH_PATHS = (
					"$(inherited)",
					"@executable_path/../Frameworks",
				);
				MACOSX_DEPLOYMENT_TARGET = 11.0;
				MARKETING_VERSION = 1.1;
				PRODUCT_BUNDLE_IDENTIFIER = com.nickkaczmarek.WWTTimex;
				PRODUCT_NAME = "$(TARGET_NAME)";
				PROVISIONING_PROFILE_SPECIFIER = "";
				SWIFT_VERSION = 5.0;
			};
			name = Debug;
		};
		6239FD3A26A7519400AC6489 /* Release */ = {
			isa = XCBuildConfiguration;
			buildSettings = {
				ASSETCATALOG_COMPILER_APPICON_NAME = AppIcon;
				ASSETCATALOG_COMPILER_GLOBAL_ACCENT_COLOR_NAME = AccentColor;
				CODE_SIGN_ENTITLEMENTS = Timex/Timex.entitlements;
				CODE_SIGN_IDENTITY = "Apple Development";
				CODE_SIGN_STYLE = Automatic;
				COMBINE_HIDPI_IMAGES = YES;
				CURRENT_PROJECT_VERSION = 2;
				DEAD_CODE_STRIPPING = YES;
				DEVELOPMENT_ASSET_PATHS = "\"Timex/Preview Content\"";
				DEVELOPMENT_TEAM = 464Z6PYPYS;
				ENABLE_HARDENED_RUNTIME = YES;
				ENABLE_PREVIEWS = YES;
				INFOPLIST_FILE = Timex/Info.plist;
				LD_RUNPATH_SEARCH_PATHS = (
					"$(inherited)",
					"@executable_path/../Frameworks",
				);
				MACOSX_DEPLOYMENT_TARGET = 11.0;
				MARKETING_VERSION = 1.1;
				PRODUCT_BUNDLE_IDENTIFIER = com.nickkaczmarek.WWTTimex;
				PRODUCT_NAME = "$(TARGET_NAME)";
				PROVISIONING_PROFILE_SPECIFIER = "";
				SWIFT_VERSION = 5.0;
			};
			name = Release;
		};
/* End XCBuildConfiguration section */

/* Begin XCConfigurationList section */
		6239FD0D26A7519100AC6489 /* Build configuration list for PBXProject "WWT Timex" */ = {
			isa = XCConfigurationList;
			buildConfigurations = (
				6239FD3626A7519400AC6489 /* Debug */,
				6239FD3726A7519400AC6489 /* Release */,
			);
			defaultConfigurationIsVisible = 0;
			defaultConfigurationName = Release;
		};
		6239FD3826A7519400AC6489 /* Build configuration list for PBXNativeTarget "WWT Timex" */ = {
			isa = XCConfigurationList;
			buildConfigurations = (
				6239FD3926A7519400AC6489 /* Debug */,
				6239FD3A26A7519400AC6489 /* Release */,
			);
			defaultConfigurationIsVisible = 0;
			defaultConfigurationName = Release;
		};
/* End XCConfigurationList section */
	};
	rootObject = 6239FD0A26A7519100AC6489 /* Project object */;
}
